
Microsoft Visual Studio Solution File, Format Version 12.00
# Visual Studio 15
VisualStudioVersion = 15.0.28010.2026
MinimumVisualStudioVersion = 10.0.40219.1
Project("{9A19103F-16F7-4668-BE54-9A1E7A4F7556}") = "LangClassifierCommon", "LangClassifierCommon\LangClassifierCommon.csproj", "{B3DDE83D-6090-49C0-976D-02B9B51F2C14}"
EndProject
Project("{FAE04EC0-301F-11D3-BF4B-00C04F79EFBC}") = "Learner", "Learner\Learner.csproj", "{27793A77-9F29-45A4-9BA4-07B4AA9B8538}"
EndProject
Global
	GlobalSection(SolutionConfigurationPlatforms) = preSolution
		Debug|Any CPU = Debug|Any CPU
		Release|Any CPU = Release|Any CPU
	EndGlobalSection
	GlobalSection(ProjectConfigurationPlatforms) = postSolution
		{B3DDE83D-6090-49C0-976D-02B9B51F2C14}.Debug|Any CPU.ActiveCfg = Debug|Any CPU
		{B3DDE83D-6090-49C0-976D-02B9B51F2C14}.Debug|Any CPU.Build.0 = Debug|Any CPU
		{B3DDE83D-6090-49C0-976D-02B9B51F2C14}.Release|Any CPU.ActiveCfg = Release|Any CPU
		{B3DDE83D-6090-49C0-976D-02B9B51F2C14}.Release|Any CPU.Build.0 = Release|Any CPU
		{27793A77-9F29-45A4-9BA4-07B4AA9B8538}.Debug|Any CPU.ActiveCfg = Debug|Any CPU
		{27793A77-9F29-45A4-9BA4-07B4AA9B8538}.Debug|Any CPU.Build.0 = Debug|Any CPU
		{27793A77-9F29-45A4-9BA4-07B4AA9B8538}.Release|Any CPU.ActiveCfg = Release|Any CPU
		{27793A77-9F29-45A4-9BA4-07B4AA9B8538}.Release|Any CPU.Build.0 = Release|Any CPU
	EndGlobalSection
	GlobalSection(SolutionProperties) = preSolution
		HideSolutionNode = FALSE
	EndGlobalSection
	GlobalSection(ExtensibilityGlobals) = postSolution
		SolutionGuid = {74D2835A-57DA-46C8-9A59-8BB9154FEF23}
	EndGlobalSection
EndGlobal
